
Microsoft Visual Studio Solution File, Format Version 12.00
# Visual Studio Version 16
VisualStudioVersion = 16.0.30907.101
MinimumVisualStudioVersion = 10.0.40219.1
Project("{FAE04EC0-301F-11D3-BF4B-00C04F79EFBC}") = "Model", "Model\Model.csproj", "{7EDB1D69-9C71-48AE-85A1-1CF60BA01940}"
EndProject
Project("{FAE04EC0-301F-11D3-BF4B-00C04F79EFBC}") = "View", "View\View.csproj", "{5C21AE8A-C1AF-45AE-9711-94C342BBD096}"
EndProject
Global
	GlobalSection(SolutionConfigurationPlatforms) = preSolution
		Debug|Any CPU = Debug|Any CPU
		Release|Any CPU = Release|Any CPU
	EndGlobalSection
	GlobalSection(ProjectConfigurationPlatforms) = postSolution
		{7EDB1D69-9C71-48AE-85A1-1CF60BA01940}.Debug|Any CPU.ActiveCfg = Debug|Any CPU
		{7EDB1D69-9C71-48AE-85A1-1CF60BA01940}.Debug|Any CPU.Build.0 = Debug|Any CPU
		{7EDB1D69-9C71-48AE-85A1-1CF60BA01940}.Release|Any CPU.ActiveCfg = Release|Any CPU
		{7EDB1D69-9C71-48AE-85A1-1CF60BA01940}.Release|Any CPU.Build.0 = Release|Any CPU
		{5C21AE8A-C1AF-45AE-9711-94C342BBD096}.Debug|Any CPU.ActiveCfg = Debug|Any CPU
		{5C21AE8A-C1AF-45AE-9711-94C342BBD096}.Debug|Any CPU.Build.0 = Debug|Any CPU
		{5C21AE8A-C1AF-45AE-9711-94C342BBD096}.Release|Any CPU.ActiveCfg = Release|Any CPU
		{5C21AE8A-C1AF-45AE-9711-94C342BBD096}.Release|Any CPU.Build.0 = Release|Any CPU
	EndGlobalSection
	GlobalSection(SolutionProperties) = preSolution
		HideSolutionNode = FALSE
	EndGlobalSection
	GlobalSection(ExtensibilityGlobals) = postSolution
		SolutionGuid = {E16CFD8D-BC04-4BB2-882C-7A963DFF3925}
	EndGlobalSection
EndGlobal
